# This file was autogenerated by Stack.
# You should not edit this file by hand.
# For more information, please see the documentation at:
#   https://docs.haskellstack.org/en/stable/lock_files

packages:
- completed:
    subdir: kubernetes-client
    cabal-file:
      size: 4511
      sha256: 13fe9088c26fefa0d469192ec87d3d857de45c9a46244c0daa7c2704f4cd9d97
    name: kubernetes-client
    version: 0.1.0.1
    git: https://github.com/akshaymankar/kubernetes-client-haskell
    pantry-tree:
      size: 1608
      sha256: a906ddfe67801e57f49a95d54393ebf8f3a76aeef371ed556d667fca044ebd31
    commit: 42fa6cf43043e5897ec2748435b9e3895ea24dbe
  original:
    subdir: kubernetes-client
    git: https://github.com/akshaymankar/kubernetes-client-haskell
    commit: 42fa6cf43043e5897ec2748435b9e3895ea24dbe
- completed:
    hackage: kubernetes-client-core-0.1.0.1@sha256:8751cc7ba60a9a3adc6b88da67539cd7a5ff42fc3128cb98f3a76033f03ff063,6467
    pantry-tree:
      size: 6855
      sha256: 75a3056503249f8dfcbb0067264c46d1da4126b02cfb406d4dab13f72c71e41d
  original:
    hackage: kubernetes-client-core-0.1.0.1
- completed:
    hackage: oidc-client-0.4.0.0@sha256:f72a496ab27d9a5071be44e750718c539118ac52c2f1535a5fb3dde7f9874a55,3306
    pantry-tree:
      size: 1153
      sha256: 68c285c6365360975d50bbb18cb07755d5ef19af8bf0e998d3ea46d35ef4a4e1
  original:
    hackage: oidc-client-0.4.0.0
- completed:
    hackage: http-client-0.5.14@sha256:4880b27d6741e331454a1d4c887d96ce3d7d625322c8433983a4b1cd08538577,5348
    pantry-tree:
      size: 2457
      sha256: 02bcffba9cad572fefb4640f5fc9be68e770b32ab73efcac649db20290994c6d
  original:
    hackage: http-client-0.5.14
- completed:
    hackage: http-media-0.7.1.3@sha256:481a40a26f71caaa1a9d9bf4c0fabdd4b51847c6bfa59b8e790fa07ef52dfea6,3839
    pantry-tree:
      size: 1491
      sha256: 1ff9d7bb155955ecebf0df823091dc08e540db82a7c39cfa96d130fb474af3b6
  original:
    hackage: http-media-0.7.1.3
snapshots:
- completed:
    size: 523441
    url: https://raw.githubusercontent.com/commercialhaskell/stackage-snapshots/master/nightly/2019/8/3.yaml
    sha256: 096b436543020fde7f0dd0ceb029c4a324977e7e8feb64e6b2a90f7906db21d3
  original: nightly-2019-08-03
