# This file was autogenerated by Stack.
# You should not edit this file by hand.
# For more information, please see the documentation at:
#   https://docs.haskellstack.org/en/stable/lock_files

packages:
- completed:
    subdir: kubernetes-client
    cabal-file:
      size: 4511
      sha256: 13fe9088c26fefa0d469192ec87d3d857de45c9a46244c0daa7c2704f4cd9d97
    name: kubernetes-client
    version: 0.1.0.1
    git: https://github.com/akshaymankar/kubernetes-client-haskell
    pantry-tree:
      size: 1608
      sha256: a906ddfe67801e57f49a95d54393ebf8f3a76aeef371ed556d667fca044ebd31
    commit: 42fa6cf43043e5897ec2748435b9e3895ea24dbe
  original:
    subdir: kubernetes-client
    git: https://github.com/akshaymankar/kubernetes-client-haskell
    commit: 42fa6cf43043e5897ec2748435b9e3895ea24dbe
- completed:
    hackage: jsonpath-0.1.0.0@sha256:31d02d90389a69c91494538d0b167618d42aa5c580c7e8b46ef1f7a6df017d10,2010
    pantry-tree:
      size: 709
      sha256: 315582626d72fb37a847fff6bc98a531275cc2c31efab53686ba431f23c63193
  original:
    hackage: jsonpath-0.1.0.0
- completed:
    hackage: jwt-0.10.0@sha256:d14551b0c357424fb9441ec9a7a9d5b90b13f805fcc9327ba49db548cd64fc29,4180
    pantry-tree:
      size: 1027
      sha256: e0cf95e834d99768ad8a3f7e99246948f0cdd2cfa18813517f540144aea6c3e5
  original:
    hackage: jwt-0.10.0
- completed:
    hackage: katip-0.8.2.0@sha256:f4dca07531ae5e62d278a788133a7fd0c7b1b62c1891fc7c0214f78c16dfaa4f,4097
    pantry-tree:
      size: 1140
      sha256: 2cdc386a98965fec5e81e3ab4b1c1803ad43846b776250509815d35c810c9159
  original:
    hackage: katip-0.8.2.0
- completed:
    hackage: kubernetes-client-core-0.1.0.1@sha256:8751cc7ba60a9a3adc6b88da67539cd7a5ff42fc3128cb98f3a76033f03ff063,6467
    pantry-tree:
      size: 6855
      sha256: 75a3056503249f8dfcbb0067264c46d1da4126b02cfb406d4dab13f72c71e41d
  original:
    hackage: kubernetes-client-core-0.1.0.1
- completed:
    hackage: oidc-client-0.4.0.0@sha256:f72a496ab27d9a5071be44e750718c539118ac52c2f1535a5fb3dde7f9874a55,3306
    pantry-tree:
      size: 1153
      sha256: 68c285c6365360975d50bbb18cb07755d5ef19af8bf0e998d3ea46d35ef4a4e1
  original:
    hackage: oidc-client-0.4.0.0
snapshots:
- completed:
    size: 500539
    url: https://raw.githubusercontent.com/commercialhaskell/stackage-snapshots/master/lts/13/29.yaml
    sha256: 006398c5e92d1d64737b7e98ae4d63987c36808814504d1451f56ebd98093f75
  original: lts-13.29
